
Microsoft Visual Studio Solution File, Format Version 12.00
# Visual Studio Express 2012 for Windows Desktop
Project("{F184B08F-C81C-45F6-A57F-5ABD9991F28F}") = "cosine samples", "cosine samples\cosine samples.vbproj", "{1BE366EC-A973-4494-977A-0A52565D65FB}"
EndProject
Global
	GlobalSection(SolutionConfigurationPlatforms) = preSolution
		Debug|Any CPU = Debug|Any CPU
		Release|Any CPU = Release|Any CPU
	EndGlobalSection
	GlobalSection(ProjectConfigurationPlatforms) = postSolution
		{1BE366EC-A973-4494-977A-0A52565D65FB}.Debug|Any CPU.ActiveCfg = Debug|Any CPU
		{1BE366EC-A973-4494-977A-0A52565D65FB}.Debug|Any CPU.Build.0 = Debug|Any CPU
		{1BE366EC-A973-4494-977A-0A52565D65FB}.Release|Any CPU.ActiveCfg = Release|Any CPU
		{1BE366EC-A973-4494-977A-0A52565D65FB}.Release|Any CPU.Build.0 = Release|Any CPU
	EndGlobalSection
	GlobalSection(SolutionProperties) = preSolution
		HideSolutionNode = FALSE
	EndGlobalSection
EndGlobal
